
Microsoft Visual Studio Solution File, Format Version 12.00
# Visual Studio Version 16
VisualStudioVersion = 16.0.31005.135
MinimumVisualStudioVersion = 10.0.40219.1
Project("{FAE04EC0-301F-11D3-BF4B-00C04F79EFBC}") = "BlogMVC", "BlogMVC\BlogMVC.csproj", "{C463DD81-CEFC-4DA8-83EA-6391C650E459}"
EndProject
Project("{FAE04EC0-301F-11D3-BF4B-00C04F79EFBC}") = "EntityLayer", "EntityLayer\EntityLayer.csproj", "{DAE84AB8-57A6-453D-AC14-CAFC51F2779F}"
EndProject
Project("{FAE04EC0-301F-11D3-BF4B-00C04F79EFBC}") = "DataAccessLayer", "DataAccessLayer\DataAccessLayer.csproj", "{4F536FC9-E90F-4FFC-AAD2-D01AAE269264}"
EndProject
Project("{FAE04EC0-301F-11D3-BF4B-00C04F79EFBC}") = "BusinessLayer", "BusinessLayer\BusinessLayer.csproj", "{CE54C0F1-D74A-415C-85E3-FF5A1DDF7642}"
EndProject
Global
	GlobalSection(SolutionConfigurationPlatforms) = preSolution
		Debug|Any CPU = Debug|Any CPU
		Release|Any CPU = Release|Any CPU
	EndGlobalSection
	GlobalSection(ProjectConfigurationPlatforms) = postSolution
		{C463DD81-CEFC-4DA8-83EA-6391C650E459}.Debug|Any CPU.ActiveCfg = Debug|Any CPU
		{C463DD81-CEFC-4DA8-83EA-6391C650E459}.Debug|Any CPU.Build.0 = Debug|Any CPU
		{C463DD81-CEFC-4DA8-83EA-6391C650E459}.Release|Any CPU.ActiveCfg = Release|Any CPU
		{C463DD81-CEFC-4DA8-83EA-6391C650E459}.Release|Any CPU.Build.0 = Release|Any CPU
		{DAE84AB8-57A6-453D-AC14-CAFC51F2779F}.Debug|Any CPU.ActiveCfg = Debug|Any CPU
		{DAE84AB8-57A6-453D-AC14-CAFC51F2779F}.Debug|Any CPU.Build.0 = Debug|Any CPU
		{DAE84AB8-57A6-453D-AC14-CAFC51F2779F}.Release|Any CPU.ActiveCfg = Release|Any CPU
		{DAE84AB8-57A6-453D-AC14-CAFC51F2779F}.Release|Any CPU.Build.0 = Release|Any CPU
		{4F536FC9-E90F-4FFC-AAD2-D01AAE269264}.Debug|Any CPU.ActiveCfg = Debug|Any CPU
		{4F536FC9-E90F-4FFC-AAD2-D01AAE269264}.Debug|Any CPU.Build.0 = Debug|Any CPU
		{4F536FC9-E90F-4FFC-AAD2-D01AAE269264}.Release|Any CPU.ActiveCfg = Release|Any CPU
		{4F536FC9-E90F-4FFC-AAD2-D01AAE269264}.Release|Any CPU.Build.0 = Release|Any CPU
		{CE54C0F1-D74A-415C-85E3-FF5A1DDF7642}.Debug|Any CPU.ActiveCfg = Debug|Any CPU
		{CE54C0F1-D74A-415C-85E3-FF5A1DDF7642}.Debug|Any CPU.Build.0 = Debug|Any CPU
		{CE54C0F1-D74A-415C-85E3-FF5A1DDF7642}.Release|Any CPU.ActiveCfg = Release|Any CPU
		{CE54C0F1-D74A-415C-85E3-FF5A1DDF7642}.Release|Any CPU.Build.0 = Release|Any CPU
	EndGlobalSection
	GlobalSection(SolutionProperties) = preSolution
		HideSolutionNode = FALSE
	EndGlobalSection
	GlobalSection(ExtensibilityGlobals) = postSolution
		SolutionGuid = {54397FA3-FEC6-41C7-A0FC-80B48F5EFC8F}
	EndGlobalSection
EndGlobal
